// !$*UTF8*$!
{
	archiveVersion = 1;
	classes = {
	};
	objectVersion = 55;
	objects = {

/* Begin PBXBuildFile section */
		681D09CD27872E5A0031F196 /* TableCellData.swift in Sources */ = {isa = PBXBuildFile; fileRef = 681D09CC27872E5A0031F196 /* TableCellData.swift */; };
		686DDC552781CFF90092C4F4 /* WKWebViewController.swift in Sources */ = {isa = PBXBuildFile; fileRef = 686DDC542781CFF90092C4F4 /* WKWebViewController.swift */; };
		68C65D242780998700EA61DC /* WebViewController.swift in Sources */ = {isa = PBXBuildFile; fileRef = 68C65D232780998700EA61DC /* WebViewController.swift */; };
		68CD99E42753A20500BF5EE7 /* AppDelegate.swift in Sources */ = {isa = PBXBuildFile; fileRef = 68CD99E32753A20500BF5EE7 /* AppDelegate.swift */; };
		68CD99E62753A20500BF5EE7 /* SceneDelegate.swift in Sources */ = {isa = PBXBuildFile; fileRef = 68CD99E52753A20500BF5EE7 /* SceneDelegate.swift */; };
		68CD99E82753A20500BF5EE7 /* ViewController.swift in Sources */ = {isa = PBXBuildFile; fileRef = 68CD99E72753A20500BF5EE7 /* ViewController.swift */; };
		68CD99EB2753A20500BF5EE7 /* Main.storyboard in Resources */ = {isa = PBXBuildFile; fileRef = 68CD99E92753A20500BF5EE7 /* Main.storyboard */; };
		68CD99ED2753A20700BF5EE7 /* Assets.xcassets in Resources */ = {isa = PBXBuildFile; fileRef = 68CD99EC2753A20700BF5EE7 /* Assets.xcassets */; };
		68CD99F02753A20700BF5EE7 /* LaunchScreen.storyboard in Resources */ = {isa = PBXBuildFile; fileRef = 68CD99EE2753A20700BF5EE7 /* LaunchScreen.storyboard */; };
		68CD99FB2753A20700BF5EE7 /* iOSAppDemoTests.swift in Sources */ = {isa = PBXBuildFile; fileRef = 68CD99FA2753A20700BF5EE7 /* iOSAppDemoTests.swift */; };
		68CD9A052753A20700BF5EE7 /* iOSAppDemoUITests.swift in Sources */ = {isa = PBXBuildFile; fileRef = 68CD9A042753A20700BF5EE7 /* iOSAppDemoUITests.swift */; };
		68CD9A072753A20700BF5EE7 /* iOSAppDemoUITestsLaunchTests.swift in Sources */ = {isa = PBXBuildFile; fileRef = 68CD9A062753A20700BF5EE7 /* iOSAppDemoUITestsLaunchTests.swift */; };
		68D359B9277C91050059257D /* TableViewController.swift in Sources */ = {isa = PBXBuildFile; fileRef = 68D359B8277C91050059257D /* TableViewController.swift */; };
		68E1BF842779EDF2002A5ADA /* UILabelViewController.swift in Sources */ = {isa = PBXBuildFile; fileRef = 68E1BF832779EDF2002A5ADA /* UILabelViewController.swift */; };
		68E1BF86277A0078002A5ADA /* LifecycleViewController.swift in Sources */ = {isa = PBXBuildFile; fileRef = 68E1BF85277A0078002A5ADA /* LifecycleViewController.swift */; };
/* End PBXBuildFile section */

/* Begin PBXContainerItemProxy section */
		68CD99F72753A20700BF5EE7 /* PBXContainerItemProxy */ = {
			isa = PBXContainerItemProxy;
			containerPortal = 68CD99D82753A20500BF5EE7 /* Project object */;
			proxyType = 1;
			remoteGlobalIDString = 68CD99DF2753A20500BF5EE7;
			remoteInfo = iOSAppDemo;
		};
		68CD9A012753A20700BF5EE7 /* PBXContainerItemProxy */ = {
			isa = PBXContainerItemProxy;
			containerPortal = 68CD99D82753A20500BF5EE7 /* Project object */;
			proxyType = 1;
			remoteGlobalIDString = 68CD99DF2753A20500BF5EE7;
			remoteInfo = iOSAppDemo;
		};
/* End PBXContainerItemProxy section */

/* Begin PBXFileReference section */
		681D09CC27872E5A0031F196 /* TableCellData.swift */ = {isa = PBXFileReference; lastKnownFileType = sourcecode.swift; path = TableCellData.swift; sourceTree = SOURCE_ROOT; };
		686DDC542781CFF90092C4F4 /* WKWebViewController.swift */ = {isa = PBXFileReference; lastKnownFileType = sourcecode.swift; path = WKWebViewController.swift; sourceTree = SOURCE_ROOT; };
		68C65D232780998700EA61DC /* WebViewController.swift */ = {isa = PBXFileReference; lastKnownFileType = sourcecode.swift; path = WebViewController.swift; sourceTree = "<group>"; };
		68CD99E02753A20500BF5EE7 /* iOSAppDemo.app */ = {isa = PBXFileReference; explicitFileType = wrapper.application; includeInIndex = 0; path = iOSAppDemo.app; sourceTree = BUILT_PRODUCTS_DIR; };
		68CD99E32753A20500BF5EE7 /* AppDelegate.swift */ = {isa = PBXFileReference; lastKnownFileType = sourcecode.swift; path = AppDelegate.swift; sourceTree = "<group>"; };
		68CD99E52753A20500BF5EE7 /* SceneDelegate.swift */ = {isa = PBXFileReference; lastKnownFileType = sourcecode.swift; path = SceneDelegate.swift; sourceTree = "<group>"; };
		68CD99E72753A20500BF5EE7 /* ViewController.swift */ = {isa = PBXFileReference; lastKnownFileType = sourcecode.swift; path = ViewController.swift; sourceTree = "<group>"; };
		68CD99EA2753A20500BF5EE7 /* Base */ = {isa = PBXFileReference; lastKnownFileType = file.storyboard; name = Base; path = Base.lproj/Main.storyboard; sourceTree = "<group>"; };
		68CD99EC2753A20700BF5EE7 /* Assets.xcassets */ = {isa = PBXFileReference; lastKnownFileType = folder.assetcatalog; path = Assets.xcassets; sourceTree = "<group>"; };
		68CD99EF2753A20700BF5EE7 /* Base */ = {isa = PBXFileReference; lastKnownFileType = file.storyboard; name = Base; path = Base.lproj/LaunchScreen.storyboard; sourceTree = "<group>"; };
		68CD99F12753A20700BF5EE7 /* Info.plist */ = {isa = PBXFileReference; lastKnownFileType = text.plist.xml; path = Info.plist; sourceTree = "<group>"; };
		68CD99F62753A20700BF5EE7 /* iOSAppDemoTests.xctest */ = {isa = PBXFileReference; explicitFileType = wrapper.cfbundle; includeInIndex = 0; path = iOSAppDemoTests.xctest; sourceTree = BUILT_PRODUCTS_DIR; };
		68CD99FA2753A20700BF5EE7 /* iOSAppDemoTests.swift */ = {isa = PBXFileReference; lastKnownFileType = sourcecode.swift; path = iOSAppDemoTests.swift; sourceTree = "<group>"; };
		68CD9A002753A20700BF5EE7 /* iOSAppDemoUITests.xctest */ = {isa = PBXFileReference; explicitFileType = wrapper.cfbundle; includeInIndex = 0; path = iOSAppDemoUITests.xctest; sourceTree = BUILT_PRODUCTS_DIR; };
		68CD9A042753A20700BF5EE7 /* iOSAppDemoUITests.swift */ = {isa = PBXFileReference; lastKnownFileType = sourcecode.swift; path = iOSAppDemoUITests.swift; sourceTree = "<group>"; };
		68CD9A062753A20700BF5EE7 /* iOSAppDemoUITestsLaunchTests.swift */ = {isa = PBXFileReference; lastKnownFileType = sourcecode.swift; path = iOSAppDemoUITestsLaunchTests.swift; sourceTree = "<group>"; };
		68D359B8277C91050059257D /* TableViewController.swift */ = {isa = PBXFileReference; lastKnownFileType = sourcecode.swift; path = TableViewController.swift; sourceTree = "<group>"; };
		68E1BF832779EDF2002A5ADA /* UILabelViewController.swift */ = {isa = PBXFileReference; lastKnownFileType = sourcecode.swift; path = UILabelViewController.swift; sourceTree = "<group>"; };
		68E1BF85277A0078002A5ADA /* LifecycleViewController.swift */ = {isa = PBXFileReference; lastKnownFileType = sourcecode.swift; path = LifecycleViewController.swift; sourceTree = SOURCE_ROOT; };
/* End PBXFileReference section */

/* Begin PBXFrameworksBuildPhase section */
		68CD99DD2753A20500BF5EE7 /* Frameworks */ = {
			isa = PBXFrameworksBuildPhase;
			buildActionMask = 2147483647;
			files = (
			);
			runOnlyForDeploymentPostprocessing = 0;
		};
		68CD99F32753A20700BF5EE7 /* Frameworks */ = {
			isa = PBXFrameworksBuildPhase;
			buildActionMask = 2147483647;
			files = (
			);
			runOnlyForDeploymentPostprocessing = 0;
		};
		68CD99FD2753A20700BF5EE7 /* Frameworks */ = {
			isa = PBXFrameworksBuildPhase;
			buildActionMask = 2147483647;
			files = (
			);
			runOnlyForDeploymentPostprocessing = 0;
		};
/* End PBXFrameworksBuildPhase section */

/* Begin PBXGroup section */
		68CD99D72753A20500BF5EE7 = {
			isa = PBXGroup;
			children = (
				68CD99E22753A20500BF5EE7 /* iOSAppDemo */,
				68CD99F92753A20700BF5EE7 /* iOSAppDemoTests */,
				68CD9A032753A20700BF5EE7 /* iOSAppDemoUITests */,
				68CD99E12753A20500BF5EE7 /* Products */,
			);
			sourceTree = "<group>";
		};
		68CD99E12753A20500BF5EE7 /* Products */ = {
			isa = PBXGroup;
			children = (
				68CD99E02753A20500BF5EE7 /* iOSAppDemo.app */,
				68CD99F62753A20700BF5EE7 /* iOSAppDemoTests.xctest */,
				68CD9A002753A20700BF5EE7 /* iOSAppDemoUITests.xctest */,
			);
			name = Products;
			sourceTree = "<group>";
		};
		68CD99E22753A20500BF5EE7 /* iOSAppDemo */ = {
			isa = PBXGroup;
			children = (
				681D09CC27872E5A0031F196 /* TableCellData.swift */,
				686DDC542781CFF90092C4F4 /* WKWebViewController.swift */,
				68C65D232780998700EA61DC /* WebViewController.swift */,
				68E1BF85277A0078002A5ADA /* LifecycleViewController.swift */,
				68E1BF832779EDF2002A5ADA /* UILabelViewController.swift */,
				68CD99E32753A20500BF5EE7 /* AppDelegate.swift */,
				68CD99E52753A20500BF5EE7 /* SceneDelegate.swift */,
				68CD99E72753A20500BF5EE7 /* ViewController.swift */,
				68CD99E92753A20500BF5EE7 /* Main.storyboard */,
				68CD99EC2753A20700BF5EE7 /* Assets.xcassets */,
				68CD99EE2753A20700BF5EE7 /* LaunchScreen.storyboard */,
				68CD99F12753A20700BF5EE7 /* Info.plist */,
				68D359B8277C91050059257D /* TableViewController.swift */,
			);
			path = iOSAppDemo;
			sourceTree = "<group>";
		};
		68CD99F92753A20700BF5EE7 /* iOSAppDemoTests */ = {
			isa = PBXGroup;
			children = (
				68CD99FA2753A20700BF5EE7 /* iOSAppDemoTests.swift */,
			);
			path = iOSAppDemoTests;
			sourceTree = "<group>";
		};
		68CD9A032753A20700BF5EE7 /* iOSAppDemoUITests */ = {
			isa = PBXGroup;
			children = (
				68CD9A042753A20700BF5EE7 /* iOSAppDemoUITests.swift */,
				68CD9A062753A20700BF5EE7 /* iOSAppDemoUITestsLaunchTests.swift */,
			);
			path = iOSAppDemoUITests;
			sourceTree = "<group>";
		};
/* End PBXGroup section */

/* Begin PBXNativeTarget section */
		68CD99DF2753A20500BF5EE7 /* iOSAppDemo */ = {
			isa = PBXNativeTarget;
			buildConfigurationList = 68CD9A0A2753A20700BF5EE7 /* Build configuration list for PBXNativeTarget "iOSAppDemo" */;
			buildPhases = (
				68CD99DC2753A20500BF5EE7 /* Sources */,
				68CD99DD2753A20500BF5EE7 /* Frameworks */,
				68CD99DE2753A20500BF5EE7 /* Resources */,
			);
			buildRules = (
			);
			dependencies = (
			);
			name = iOSAppDemo;
			productName = iOSAppDemo;
			productReference = 68CD99E02753A20500BF5EE7 /* iOSAppDemo.app */;
			productType = "com.apple.product-type.application";
		};
		68CD99F52753A20700BF5EE7 /* iOSAppDemoTests */ = {
			isa = PBXNativeTarget;
			buildConfigurationList = 68CD9A0D2753A20700BF5EE7 /* Build configuration list for PBXNativeTarget "iOSAppDemoTests" */;
			buildPhases = (
				68CD99F22753A20700BF5EE7 /* Sources */,
				68CD99F32753A20700BF5EE7 /* Frameworks */,
				68CD99F42753A20700BF5EE7 /* Resources */,
			);
			buildRules = (
			);
			dependencies = (
				68CD99F82753A20700BF5EE7 /* PBXTargetDependency */,
			);
			name = iOSAppDemoTests;
			productName = iOSAppDemoTests;
			productReference = 68CD99F62753A20700BF5EE7 /* iOSAppDemoTests.xctest */;
			productType = "com.apple.product-type.bundle.unit-test";
		};
		68CD99FF2753A20700BF5EE7 /* iOSAppDemoUITests */ = {
			isa = PBXNativeTarget;
			buildConfigurationList = 68CD9A102753A20700BF5EE7 /* Build configuration list for PBXNativeTarget "iOSAppDemoUITests" */;
			buildPhases = (
				68CD99FC2753A20700BF5EE7 /* Sources */,
				68CD99FD2753A20700BF5EE7 /* Frameworks */,
				68CD99FE2753A20700BF5EE7 /* Resources */,
			);
			buildRules = (
			);
			dependencies = (
				68CD9A022753A20700BF5EE7 /* PBXTargetDependency */,
			);
			name = iOSAppDemoUITests;
			productName = iOSAppDemoUITests;
			productReference = 68CD9A002753A20700BF5EE7 /* iOSAppDemoUITests.xctest */;
			productType = "com.apple.product-type.bundle.ui-testing";
		};
/* End PBXNativeTarget section */

/* Begin PBXProject section */
		68CD99D82753A20500BF5EE7 /* Project object */ = {
			isa = PBXProject;
			attributes = {
				BuildIndependentTargetsInParallel = 1;
				LastSwiftUpdateCheck = 1310;
				LastUpgradeCheck = 1310;
				TargetAttributes = {
					68CD99DF2753A20500BF5EE7 = {
						CreatedOnToolsVersion = 13.1;
					};
					68CD99F52753A20700BF5EE7 = {
						CreatedOnToolsVersion = 13.1;
						TestTargetID = 68CD99DF2753A20500BF5EE7;
					};
					68CD99FF2753A20700BF5EE7 = {
						CreatedOnToolsVersion = 13.1;
						TestTargetID = 68CD99DF2753A20500BF5EE7;
					};
				};
			};
			buildConfigurationList = 68CD99DB2753A20500BF5EE7 /* Build configuration list for PBXProject "iOSAppDemo" */;
			compatibilityVersion = "Xcode 13.0";
			developmentRegion = en;
			hasScannedForEncodings = 0;
			knownRegions = (
				en,
				Base,
			);
			mainGroup = 68CD99D72753A20500BF5EE7;
			productRefGroup = 68CD99E12753A20500BF5EE7 /* Products */;
			projectDirPath = "";
			projectRoot = "";
			targets = (
				68CD99DF2753A20500BF5EE7 /* iOSAppDemo */,
				68CD99F52753A20700BF5EE7 /* iOSAppDemoTests */,
				68CD99FF2753A20700BF5EE7 /* iOSAppDemoUITests */,
			);
		};
/* End PBXProject section */

/* Begin PBXResourcesBuildPhase section */
		68CD99DE2753A20500BF5EE7 /* Resources */ = {
			isa = PBXResourcesBuildPhase;
			buildActionMask = 2147483647;
			files = (
				68CD99F02753A20700BF5EE7 /* LaunchScreen.storyboard in Resources */,
				68CD99ED2753A20700BF5EE7 /* Assets.xcassets in Resources */,
				68CD99EB2753A20500BF5EE7 /* Main.storyboard in Resources */,
			);
			runOnlyForDeploymentPostprocessing = 0;
		};
		68CD99F42753A20700BF5EE7 /* Resources */ = {
			isa = PBXResourcesBuildPhase;
			buildActionMask = 2147483647;
			files = (
			);
			runOnlyForDeploymentPostprocessing = 0;
		};
		68CD99FE2753A20700BF5EE7 /* Resources */ = {
			isa = PBXResourcesBuildPhase;
			buildActionMask = 2147483647;
			files = (
			);
			runOnlyForDeploymentPostprocessing = 0;
		};
/* End PBXResourcesBuildPhase section */

/* Begin PBXSourcesBuildPhase section */
		68CD99DC2753A20500BF5EE7 /* Sources */ = {
			isa = PBXSourcesBuildPhase;
			buildActionMask = 2147483647;
			files = (
				68CD99E82753A20500BF5EE7 /* ViewController.swift in Sources */,
				68D359B9277C91050059257D /* TableViewController.swift in Sources */,
				68CD99E42753A20500BF5EE7 /* AppDelegate.swift in Sources */,
				686DDC552781CFF90092C4F4 /* WKWebViewController.swift in Sources */,
				68CD99E62753A20500BF5EE7 /* SceneDelegate.swift in Sources */,
				68C65D242780998700EA61DC /* WebViewController.swift in Sources */,
				68E1BF842779EDF2002A5ADA /* UILabelViewController.swift in Sources */,
				68E1BF86277A0078002A5ADA /* LifecycleViewController.swift in Sources */,
				681D09CD27872E5A0031F196 /* TableCellData.swift in Sources */,
			);
			runOnlyForDeploymentPostprocessing = 0;
		};
		68CD99F22753A20700BF5EE7 /* Sources */ = {
			isa = PBXSourcesBuildPhase;
			buildActionMask = 2147483647;
			files = (
				68CD99FB2753A20700BF5EE7 /* iOSAppDemoTests.swift in Sources */,
			);
			runOnlyForDeploymentPostprocessing = 0;
		};
		68CD99FC2753A20700BF5EE7 /* Sources */ = {
			isa = PBXSourcesBuildPhase;
			buildActionMask = 2147483647;
			files = (
				68CD9A052753A20700BF5EE7 /* iOSAppDemoUITests.swift in Sources */,
				68CD9A072753A20700BF5EE7 /* iOSAppDemoUITestsLaunchTests.swift in Sources */,
			);
			runOnlyForDeploymentPostprocessing = 0;
		};
/* End PBXSourcesBuildPhase section */

/* Begin PBXTargetDependency section */
		68CD99F82753A20700BF5EE7 /* PBXTargetDependency */ = {
			isa = PBXTargetDependency;
			target = 68CD99DF2753A20500BF5EE7 /* iOSAppDemo */;
			targetProxy = 68CD99F72753A20700BF5EE7 /* PBXContainerItemProxy */;
		};
		68CD9A022753A20700BF5EE7 /* PBXTargetDependency */ = {
			isa = PBXTargetDependency;
			target = 68CD99DF2753A20500BF5EE7 /* iOSAppDemo */;
			targetProxy = 68CD9A012753A20700BF5EE7 /* PBXContainerItemProxy */;
		};
/* End PBXTargetDependency section */

/* Begin PBXVariantGroup section */
		68CD99E92753A20500BF5EE7 /* Main.storyboard */ = {
			isa = PBXVariantGroup;
			children = (
				68CD99EA2753A20500BF5EE7 /* Base */,
			);
			name = Main.storyboard;
			sourceTree = "<group>";
		};
		68CD99EE2753A20700BF5EE7 /* LaunchScreen.storyboard */ = {
			isa = PBXVariantGroup;
			children = (
				68CD99EF2753A20700BF5EE7 /* Base */,
			);
			name = LaunchScreen.storyboard;
			sourceTree = "<group>";
		};
/* End PBXVariantGroup section */

/* Begin XCBuildConfiguration section */
		68CD9A082753A20700BF5EE7 /* Debug */ = {
			isa = XCBuildConfiguration;
			buildSettings = {
				ALWAYS_SEARCH_USER_PATHS = NO;
				CLANG_ANALYZER_NONNULL = YES;
				CLANG_ANALYZER_NUMBER_OBJECT_CONVERSION = YES_AGGRESSIVE;
				CLANG_CXX_LANGUAGE_STANDARD = "gnu++17";
				CLANG_CXX_LIBRARY = "libc++";
				CLANG_ENABLE_MODULES = YES;
				CLANG_ENABLE_OBJC_ARC = YES;
				CLANG_ENABLE_OBJC_WEAK = YES;
				CLANG_WARN_BLOCK_CAPTURE_AUTORELEASING = YES;
				CLANG_WARN_BOOL_CONVERSION = YES;
				CLANG_WARN_COMMA = YES;
				CLANG_WARN_CONSTANT_CONVERSION = YES;
				CLANG_WARN_DEPRECATED_OBJC_IMPLEMENTATIONS = YES;
				CLANG_WARN_DIRECT_OBJC_ISA_USAGE = YES_ERROR;
				CLANG_WARN_DOCUMENTATION_COMMENTS = YES;
				CLANG_WARN_EMPTY_BODY = YES;
				CLANG_WARN_ENUM_CONVERSION = YES;
				CLANG_WARN_INFINITE_RECURSION = YES;
				CLANG_WARN_INT_CONVERSION = YES;
				CLANG_WARN_NON_LITERAL_NULL_CONVERSION = YES;
				CLANG_WARN_OBJC_IMPLICIT_RETAIN_SELF = YES;
				CLANG_WARN_OBJC_LITERAL_CONVERSION = YES;
				CLANG_WARN_OBJC_ROOT_CLASS = YES_ERROR;
				CLANG_WARN_QUOTED_INCLUDE_IN_FRAMEWORK_HEADER = YES;
				CLANG_WARN_RANGE_LOOP_ANALYSIS = YES;
				CLANG_WARN_STRICT_PROTOTYPES = YES;
				CLANG_WARN_SUSPICIOUS_MOVE = YES;
				CLANG_WARN_UNGUARDED_AVAILABILITY = YES_AGGRESSIVE;
				CLANG_WARN_UNREACHABLE_CODE = YES;
				CLANG_WARN__DUPLICATE_METHOD_MATCH = YES;
				COPY_PHASE_STRIP = NO;
				DEBUG_INFORMATION_FORMAT = dwarf;
				ENABLE_STRICT_OBJC_MSGSEND = YES;
				ENABLE_TESTABILITY = YES;
				GCC_C_LANGUAGE_STANDARD = gnu11;
				GCC_DYNAMIC_NO_PIC = NO;
				GCC_NO_COMMON_BLOCKS = YES;
				GCC_OPTIMIZATION_LEVEL = 0;
				GCC_PREPROCESSOR_DEFINITIONS = (
					"DEBUG=1",
					"$(inherited)",
				);
				GCC_WARN_64_TO_32_BIT_CONVERSION = YES;
				GCC_WARN_ABOUT_RETURN_TYPE = YES_ERROR;
				GCC_WARN_UNDECLARED_SELECTOR = YES;
				GCC_WARN_UNINITIALIZED_AUTOS = YES_AGGRESSIVE;
				GCC_WARN_UNUSED_FUNCTION = YES;
				GCC_WARN_UNUSED_VARIABLE = YES;
				IPHONEOS_DEPLOYMENT_TARGET = 15.0;
				MTL_ENABLE_DEBUG_INFO = INCLUDE_SOURCE;
				MTL_FAST_MATH = YES;
				ONLY_ACTIVE_ARCH = YES;
				SDKROOT = iphoneos;
				SWIFT_ACTIVE_COMPILATION_CONDITIONS = DEBUG;
				SWIFT_OPTIMIZATION_LEVEL = "-Onone";
			};
			name = Debug;
		};
		68CD9A092753A20700BF5EE7 /* Release */ = {
			isa = XCBuildConfiguration;
			buildSettings = {
				ALWAYS_SEARCH_USER_PATHS = NO;
				CLANG_ANALYZER_NONNULL = YES;
				CLANG_ANALYZER_NUMBER_OBJECT_CONVERSION = YES_AGGRESSIVE;
				CLANG_CXX_LANGUAGE_STANDARD = "gnu++17";
				CLANG_CXX_LIBRARY = "libc++";
				CLANG_ENABLE_MODULES = YES;
				CLANG_ENABLE_OBJC_ARC = YES;
				CLANG_ENABLE_OBJC_WEAK = YES;
				CLANG_WARN_BLOCK_CAPTURE_AUTORELEASING = YES;
				CLANG_WARN_BOOL_CONVERSION = YES;
				CLANG_WARN_COMMA = YES;
				CLANG_WARN_CONSTANT_CONVERSION = YES;
				CLANG_WARN_DEPRECATED_OBJC_IMPLEMENTATIONS = YES;
				CLANG_WARN_DIRECT_OBJC_ISA_USAGE = YES_ERROR;
				CLANG_WARN_DOCUMENTATION_COMMENTS = YES;
				CLANG_WARN_EMPTY_BODY = YES;
				CLANG_WARN_ENUM_CONVERSION = YES;
				CLANG_WARN_INFINITE_RECURSION = YES;
				CLANG_WARN_INT_CONVERSION = YES;
				CLANG_WARN_NON_LITERAL_NULL_CONVERSION = YES;
				CLANG_WARN_OBJC_IMPLICIT_RETAIN_SELF = YES;
				CLANG_WARN_OBJC_LITERAL_CONVERSION = YES;
				CLANG_WARN_OBJC_ROOT_CLASS = YES_ERROR;
				CLANG_WARN_QUOTED_INCLUDE_IN_FRAMEWORK_HEADER = YES;
				CLANG_WARN_RANGE_LOOP_ANALYSIS = YES;
				CLANG_WARN_STRICT_PROTOTYPES = YES;
				CLANG_WARN_SUSPICIOUS_MOVE = YES;
				CLANG_WARN_UNGUARDED_AVAILABILITY = YES_AGGRESSIVE;
				CLANG_WARN_UNREACHABLE_CODE = YES;
				CLANG_WARN__DUPLICATE_METHOD_MATCH = YES;
				COPY_PHASE_STRIP = NO;
				DEBUG_INFORMATION_FORMAT = "dwarf-with-dsym";
				ENABLE_NS_ASSERTIONS = NO;
				ENABLE_STRICT_OBJC_MSGSEND = YES;
				GCC_C_LANGUAGE_STANDARD = gnu11;
				GCC_NO_COMMON_BLOCKS = YES;
				GCC_WARN_64_TO_32_BIT_CONVERSION = YES;
				GCC_WARN_ABOUT_RETURN_TYPE = YES_ERROR;
				GCC_WARN_UNDECLARED_SELECTOR = YES;
				GCC_WARN_UNINITIALIZED_AUTOS = YES_AGGRESSIVE;
				GCC_WARN_UNUSED_FUNCTION = YES;
				GCC_WARN_UNUSED_VARIABLE = YES;
				IPHONEOS_DEPLOYMENT_TARGET = 15.0;
				MTL_ENABLE_DEBUG_INFO = NO;
				MTL_FAST_MATH = YES;
				SDKROOT = iphoneos;
				SWIFT_COMPILATION_MODE = wholemodule;
				SWIFT_OPTIMIZATION_LEVEL = "-O";
				VALIDATE_PRODUCT = YES;
			};
			name = Release;
		};
		68CD9A0B2753A20700BF5EE7 /* Debug */ = {
			isa = XCBuildConfiguration;
			buildSettings = {
				ASSETCATALOG_COMPILER_APPICON_NAME = AppIcon;
				ASSETCATALOG_COMPILER_GLOBAL_ACCENT_COLOR_NAME = AccentColor;
				CODE_SIGN_STYLE = Automatic;
				CURRENT_PROJECT_VERSION = 1;
				DEVELOPMENT_TEAM = U35H5ADPPN;
				GENERATE_INFOPLIST_FILE = YES;
				INFOPLIST_FILE = iOSAppDemo/Info.plist;
				INFOPLIST_KEY_UIApplicationSupportsIndirectInputEvents = YES;
				INFOPLIST_KEY_UILaunchStoryboardName = LaunchScreen;
				INFOPLIST_KEY_UIMainStoryboardFile = Main;
				INFOPLIST_KEY_UISupportedInterfaceOrientations_iPad = "UIInterfaceOrientationPortrait UIInterfaceOrientationPortraitUpsideDown UIInterfaceOrientationLandscapeLeft UIInterfaceOrientationLandscapeRight";
				INFOPLIST_KEY_UISupportedInterfaceOrientations_iPhone = "UIInterfaceOrientationPortrait UIInterfaceOrientationLandscapeLeft UIInterfaceOrientationLandscapeRight";
				LD_RUNPATH_SEARCH_PATHS = (
					"$(inherited)",
					"@executable_path/Frameworks",
				);
				MARKETING_VERSION = 1.0;
				PRODUCT_BUNDLE_IDENTIFIER = cn.william.iOSAppDemo;
				PRODUCT_NAME = "$(TARGET_NAME)";
				SWIFT_EMIT_LOC_STRINGS = YES;
				SWIFT_VERSION = 5.0;
				TARGETED_DEVICE_FAMILY = "1,2";
			};
			name = Debug;
		};
		68CD9A0C2753A20700BF5EE7 /* Release */ = {
			isa = XCBuildConfiguration;
			buildSettings = {
				ASSETCATALOG_COMPILER_APPICON_NAME = AppIcon;
				ASSETCATALOG_COMPILER_GLOBAL_ACCENT_COLOR_NAME = AccentColor;
				CODE_SIGN_STYLE = Automatic;
				CURRENT_PROJECT_VERSION = 1;
				DEVELOPMENT_TEAM = U35H5ADPPN;
				GENERATE_INFOPLIST_FILE = YES;
				INFOPLIST_FILE = iOSAppDemo/Info.plist;
				INFOPLIST_KEY_UIApplicationSupportsIndirectInputEvents = YES;
				INFOPLIST_KEY_UILaunchStoryboardName = LaunchScreen;
				INFOPLIST_KEY_UIMainStoryboardFile = Main;
				INFOPLIST_KEY_UISupportedInterfaceOrientations_iPad = "UIInterfaceOrientationPortrait UIInterfaceOrientationPortraitUpsideDown UIInterfaceOrientationLandscapeLeft UIInterfaceOrientationLandscapeRight";
				INFOPLIST_KEY_UISupportedInterfaceOrientations_iPhone = "UIInterfaceOrientationPortrait UIInterfaceOrientationLandscapeLeft UIInterfaceOrientationLandscapeRight";
				LD_RUNPATH_SEARCH_PATHS = (
					"$(inherited)",
					"@executable_path/Frameworks",
				);
				MARKETING_VERSION = 1.0;
				PRODUCT_BUNDLE_IDENTIFIER = cn.william.iOSAppDemo;
				PRODUCT_NAME = "$(TARGET_NAME)";
				SWIFT_EMIT_LOC_STRINGS = YES;
				SWIFT_VERSION = 5.0;
				TARGETED_DEVICE_FAMILY = "1,2";
			};
			name = Release;
		};
		68CD9A0E2753A20700BF5EE7 /* Debug */ = {
			isa = XCBuildConfiguration;
			buildSettings = {
				ALWAYS_EMBED_SWIFT_STANDARD_LIBRARIES = YES;
				BUNDLE_LOADER = "$(TEST_HOST)";
				CODE_SIGN_STYLE = Automatic;
				CURRENT_PROJECT_VERSION = 1;
				DEVELOPMENT_TEAM = U35H5ADPPN;
				GENERATE_INFOPLIST_FILE = YES;
				IPHONEOS_DEPLOYMENT_TARGET = 15.0;
				LD_RUNPATH_SEARCH_PATHS = (
					"$(inherited)",
					"@executable_path/Frameworks",
					"@loader_path/Frameworks",
				);
				MARKETING_VERSION = 1.0;
				PRODUCT_BUNDLE_IDENTIFIER = cn.william.iOSAppDemoTests;
				PRODUCT_NAME = "$(TARGET_NAME)";
				SWIFT_EMIT_LOC_STRINGS = NO;
				SWIFT_VERSION = 5.0;
				TARGETED_DEVICE_FAMILY = "1,2";
				TEST_HOST = "$(BUILT_PRODUCTS_DIR)/iOSAppDemo.app/iOSAppDemo";
			};
			name = Debug;
		};
		68CD9A0F2753A20700BF5EE7 /* Release */ = {
			isa = XCBuildConfiguration;
			buildSettings = {
				ALWAYS_EMBED_SWIFT_STANDARD_LIBRARIES = YES;
				BUNDLE_LOADER = "$(TEST_HOST)";
				CODE_SIGN_STYLE = Automatic;
				CURRENT_PROJECT_VERSION = 1;
				DEVELOPMENT_TEAM = U35H5ADPPN;
				GENERATE_INFOPLIST_FILE = YES;
				IPHONEOS_DEPLOYMENT_TARGET = 15.0;
				LD_RUNPATH_SEARCH_PATHS = (
					"$(inherited)",
					"@executable_path/Frameworks",
					"@loader_path/Frameworks",
				);
				MARKETING_VERSION = 1.0;
				PRODUCT_BUNDLE_IDENTIFIER = cn.william.iOSAppDemoTests;
				PRODUCT_NAME = "$(TARGET_NAME)";
				SWIFT_EMIT_LOC_STRINGS = NO;
				SWIFT_VERSION = 5.0;
				TARGETED_DEVICE_FAMILY = "1,2";
				TEST_HOST = "$(BUILT_PRODUCTS_DIR)/iOSAppDemo.app/iOSAppDemo";
			};
			name = Release;
		};
		68CD9A112753A20700BF5EE7 /* Debug */ = {
			isa = XCBuildConfiguration;
			buildSettings = {
				ALWAYS_EMBED_SWIFT_STANDARD_LIBRARIES = YES;
				CODE_SIGN_STYLE = Automatic;
				CURRENT_PROJECT_VERSION = 1;
				DEVELOPMENT_TEAM = U35H5ADPPN;
				GENERATE_INFOPLIST_FILE = YES;
				LD_RUNPATH_SEARCH_PATHS = (
					"$(inherited)",
					"@executable_path/Frameworks",
					"@loader_path/Frameworks",
				);
				MARKETING_VERSION = 1.0;
				PRODUCT_BUNDLE_IDENTIFIER = cn.william.iOSAppDemoUITests;
				PRODUCT_NAME = "$(TARGET_NAME)";
				SWIFT_EMIT_LOC_STRINGS = NO;
				SWIFT_VERSION = 5.0;
				TARGETED_DEVICE_FAMILY = "1,2";
				TEST_TARGET_NAME = iOSAppDemo;
			};
			name = Debug;
		};
		68CD9A122753A20700BF5EE7 /* Release */ = {
			isa = XCBuildConfiguration;
			buildSettings = {
				ALWAYS_EMBED_SWIFT_STANDARD_LIBRARIES = YES;
				CODE_SIGN_STYLE = Automatic;
				CURRENT_PROJECT_VERSION = 1;
				DEVELOPMENT_TEAM = U35H5ADPPN;
				GENERATE_INFOPLIST_FILE = YES;
				LD_RUNPATH_SEARCH_PATHS = (
					"$(inherited)",
					"@executable_path/Frameworks",
					"@loader_path/Frameworks",
				);
				MARKETING_VERSION = 1.0;
				PRODUCT_BUNDLE_IDENTIFIER = cn.william.iOSAppDemoUITests;
				PRODUCT_NAME = "$(TARGET_NAME)";
				SWIFT_EMIT_LOC_STRINGS = NO;
				SWIFT_VERSION = 5.0;
				TARGETED_DEVICE_FAMILY = "1,2";
				TEST_TARGET_NAME = iOSAppDemo;
			};
			name = Release;
		};
/* End XCBuildConfiguration section */

/* Begin XCConfigurationList section */
		68CD99DB2753A20500BF5EE7 /* Build configuration list for PBXProject "iOSAppDemo" */ = {
			isa = XCConfigurationList;
			buildConfigurations = (
				68CD9A082753A20700BF5EE7 /* Debug */,
				68CD9A092753A20700BF5EE7 /* Release */,
			);
			defaultConfigurationIsVisible = 0;
			defaultConfigurationName = Release;
		};
		68CD9A0A2753A20700BF5EE7 /* Build configuration list for PBXNativeTarget "iOSAppDemo" */ = {
			isa = XCConfigurationList;
			buildConfigurations = (
				68CD9A0B2753A20700BF5EE7 /* Debug */,
				68CD9A0C2753A20700BF5EE7 /* Release */,
			);
			defaultConfigurationIsVisible = 0;
			defaultConfigurationName = Release;
		};
		68CD9A0D2753A20700BF5EE7 /* Build configuration list for PBXNativeTarget "iOSAppDemoTests" */ = {
			isa = XCConfigurationList;
			buildConfigurations = (
				68CD9A0E2753A20700BF5EE7 /* Debug */,
				68CD9A0F2753A20700BF5EE7 /* Release */,
			);
			defaultConfigurationIsVisible = 0;
			defaultConfigurationName = Release;
		};
		68CD9A102753A20700BF5EE7 /* Build configuration list for PBXNativeTarget "iOSAppDemoUITests" */ = {
			isa = XCConfigurationList;
			buildConfigurations = (
				68CD9A112753A20700BF5EE7 /* Debug */,
				68CD9A122753A20700BF5EE7 /* Release */,
			);
			defaultConfigurationIsVisible = 0;
			defaultConfigurationName = Release;
		};
/* End XCConfigurationList section */
	};
	rootObject = 68CD99D82753A20500BF5EE7 /* Project object */;
}
